
Microsoft Visual Studio Solution File, Format Version 12.00
# Visual Studio Version 17
VisualStudioVersion = 17.7.34009.444
MinimumVisualStudioVersion = 10.0.40219.1
Project("{9A19103F-16F7-4668-BE54-9A1E7A4F7556}") = "ArcSoft", "ArcSoft\ArcSoft.csproj", "{FB363C2A-AF80-441F-BC03-9CCDFF14CAF2}"
EndProject
Project("{9A19103F-16F7-4668-BE54-9A1E7A4F7556}") = "Entities", "Entities\Entities.csproj", "{5709F284-7125-4120-8028-3D88F44A5A38}"
EndProject
Project("{9A19103F-16F7-4668-BE54-9A1E7A4F7556}") = "DataAccess", "DataAccess\DataAccess.csproj", "{1064F52D-3383-4B3D-86E8-E7D0FB69F5E6}"
EndProject
Project("{9A19103F-16F7-4668-BE54-9A1E7A4F7556}") = "Business", "Business\Business.csproj", "{7D995A8B-6988-4A4E-A2C1-7EE7819B4893}"
EndProject
Global
	GlobalSection(SolutionConfigurationPlatforms) = preSolution
		Debug|Any CPU = Debug|Any CPU
		Release|Any CPU = Release|Any CPU
	EndGlobalSection
	GlobalSection(ProjectConfigurationPlatforms) = postSolution
		{FB363C2A-AF80-441F-BC03-9CCDFF14CAF2}.Debug|Any CPU.ActiveCfg = Debug|Any CPU
		{FB363C2A-AF80-441F-BC03-9CCDFF14CAF2}.Debug|Any CPU.Build.0 = Debug|Any CPU
		{FB363C2A-AF80-441F-BC03-9CCDFF14CAF2}.Release|Any CPU.ActiveCfg = Release|Any CPU
		{FB363C2A-AF80-441F-BC03-9CCDFF14CAF2}.Release|Any CPU.Build.0 = Release|Any CPU
		{5709F284-7125-4120-8028-3D88F44A5A38}.Debug|Any CPU.ActiveCfg = Debug|Any CPU
		{5709F284-7125-4120-8028-3D88F44A5A38}.Debug|Any CPU.Build.0 = Debug|Any CPU
		{5709F284-7125-4120-8028-3D88F44A5A38}.Release|Any CPU.ActiveCfg = Release|Any CPU
		{5709F284-7125-4120-8028-3D88F44A5A38}.Release|Any CPU.Build.0 = Release|Any CPU
		{1064F52D-3383-4B3D-86E8-E7D0FB69F5E6}.Debug|Any CPU.ActiveCfg = Debug|Any CPU
		{1064F52D-3383-4B3D-86E8-E7D0FB69F5E6}.Debug|Any CPU.Build.0 = Debug|Any CPU
		{1064F52D-3383-4B3D-86E8-E7D0FB69F5E6}.Release|Any CPU.ActiveCfg = Release|Any CPU
		{1064F52D-3383-4B3D-86E8-E7D0FB69F5E6}.Release|Any CPU.Build.0 = Release|Any CPU
		{7D995A8B-6988-4A4E-A2C1-7EE7819B4893}.Debug|Any CPU.ActiveCfg = Debug|Any CPU
		{7D995A8B-6988-4A4E-A2C1-7EE7819B4893}.Debug|Any CPU.Build.0 = Debug|Any CPU
		{7D995A8B-6988-4A4E-A2C1-7EE7819B4893}.Release|Any CPU.ActiveCfg = Release|Any CPU
		{7D995A8B-6988-4A4E-A2C1-7EE7819B4893}.Release|Any CPU.Build.0 = Release|Any CPU
	EndGlobalSection
	GlobalSection(SolutionProperties) = preSolution
		HideSolutionNode = FALSE
	EndGlobalSection
	GlobalSection(ExtensibilityGlobals) = postSolution
		SolutionGuid = {F2CF8AA5-0D1C-4C62-BEE4-FD18912B6920}
	EndGlobalSection
EndGlobal
